
Microsoft Visual Studio Solution File, Format Version 12.00
# Visual Studio Version 17
VisualStudioVersion = 17.6.33717.318
MinimumVisualStudioVersion = 10.0.40219.1
Project("{888888A0-9F3D-457C-B088-3A5042F75D52}") = "Пятизначное число", "Пятизначное число\Пятизначное число.pyproj", "{4726161C-7789-40FA-B267-8A776A07A661}"
EndProject
Global
	GlobalSection(SolutionConfigurationPlatforms) = preSolution
		Debug|Any CPU = Debug|Any CPU
		Release|Any CPU = Release|Any CPU
	EndGlobalSection
	GlobalSection(ProjectConfigurationPlatforms) = postSolution
		{4726161C-7789-40FA-B267-8A776A07A661}.Debug|Any CPU.ActiveCfg = Debug|Any CPU
		{4726161C-7789-40FA-B267-8A776A07A661}.Release|Any CPU.ActiveCfg = Release|Any CPU
	EndGlobalSection
	GlobalSection(SolutionProperties) = preSolution
		HideSolutionNode = FALSE
	EndGlobalSection
	GlobalSection(ExtensibilityGlobals) = postSolution
		SolutionGuid = {68E9C73B-C440-451F-9A3D-3FE5AC45632E}
	EndGlobalSection
EndGlobal
